
Microsoft Visual Studio Solution File, Format Version 12.00
# Visual Studio Version 17
VisualStudioVersion = 17.1.32210.238
MinimumVisualStudioVersion = 10.0.40219.1
Project("{FAE04EC0-301F-11D3-BF4B-00C04F79EFBC}") = "Ginasio", "Ginasio\Ginasio.csproj", "{FF19517A-3781-4568-98F4-38C233552004}"
EndProject
Global
	GlobalSection(SolutionConfigurationPlatforms) = preSolution
		Debug|Any CPU = Debug|Any CPU
		Release|Any CPU = Release|Any CPU
	EndGlobalSection
	GlobalSection(ProjectConfigurationPlatforms) = postSolution
		{FF19517A-3781-4568-98F4-38C233552004}.Debug|Any CPU.ActiveCfg = Debug|Any CPU
		{FF19517A-3781-4568-98F4-38C233552004}.Debug|Any CPU.Build.0 = Debug|Any CPU
		{FF19517A-3781-4568-98F4-38C233552004}.Release|Any CPU.ActiveCfg = Release|Any CPU
		{FF19517A-3781-4568-98F4-38C233552004}.Release|Any CPU.Build.0 = Release|Any CPU
	EndGlobalSection
	GlobalSection(SolutionProperties) = preSolution
		HideSolutionNode = FALSE
	EndGlobalSection
	GlobalSection(ExtensibilityGlobals) = postSolution
		SolutionGuid = {FE06ECDA-C13A-4477-8F48-E10EC88029D9}
	EndGlobalSection
EndGlobal
